
Microsoft Visual Studio Solution File, Format Version 12.00
# Visual Studio Version 17
VisualStudioVersion = 17.13.35825.156 d17.13
MinimumVisualStudioVersion = 10.0.40219.1
Project("{FAE04EC0-301F-11D3-BF4B-00C04F79EFBC}") = "E_Commerce_MVC", "E_Commerce_MVC.csproj", "{08D19533-7C9B-42E3-9FC4-D19E429A1EF0}"
EndProject
Global
	GlobalSection(SolutionConfigurationPlatforms) = preSolution
		Debug|Any CPU = Debug|Any CPU
		Release|Any CPU = Release|Any CPU
	EndGlobalSection
	GlobalSection(ProjectConfigurationPlatforms) = postSolution
		{08D19533-7C9B-42E3-9FC4-D19E429A1EF0}.Debug|Any CPU.ActiveCfg = Debug|Any CPU
		{08D19533-7C9B-42E3-9FC4-D19E429A1EF0}.Debug|Any CPU.Build.0 = Debug|Any CPU
		{08D19533-7C9B-42E3-9FC4-D19E429A1EF0}.Release|Any CPU.ActiveCfg = Release|Any CPU
		{08D19533-7C9B-42E3-9FC4-D19E429A1EF0}.Release|Any CPU.Build.0 = Release|Any CPU
	EndGlobalSection
	GlobalSection(SolutionProperties) = preSolution
		HideSolutionNode = FALSE
	EndGlobalSection
	GlobalSection(ExtensibilityGlobals) = postSolution
		SolutionGuid = {BB8D31B0-D3A4-41B2-A12A-DD0503EE8979}
	EndGlobalSection
EndGlobal
